<?xml version="1.0" encoding="utf-8"?>
<Project ToolsVersion="4.0" xmlns="http://schemas.microsoft.com/developer/msbuild/2003">
  <ItemGroup>
    <Filter Include="Dream">
      <UniqueIdentifier>{2EC00D0D-9AD4-35BE-6356-D91DCF2932EF}</UniqueIdentifier>
    </Filter>
    <Filter Include="Dream\Events">
      <UniqueIdentifier>{52AC5FDB-3E0F-EF7F-E794-2736D3D6BA02}</UniqueIdentifier>
    </Filter>
    <Filter Include="Platform">
      <UniqueIdentifier>{2AC788B4-1694-E3BF-3FAD-D1672BD9184E}</UniqueIdentifier>
    </Filter>
    <Filter Include="Platform\Windows">
      <UniqueIdentifier>{64FBD71A-50F4-F66C-7926-DCF1657ED678}</UniqueIdentifier>
    </Filter>
  </ItemGroup>
  <ItemGroup>
    <ClInclude Include="src\Dream.h" />
    <ClInclude Include="src\Dream\Application.h">
      <Filter>Dream</Filter>
    </ClInclude>
    <ClInclude Include="src\Dream\Core.h">
      <Filter>Dream</Filter>
    </ClInclude>
    <ClInclude Include="src\Dream\EntryPoint.h">
      <Filter>Dream</Filter>
    </ClInclude>
    <ClInclude Include="src\Dream\Events\ApplicationEvent.h">
      <Filter>Dream\Events</Filter>
    </ClInclude>
    <ClInclude Include="src\Dream\Events\Event.h">
      <Filter>Dream\Events</Filter>
    </ClInclude>
    <ClInclude Include="src\Dream\Events\KeyEvent.h">
      <Filter>Dream\Events</Filter>
    </ClInclude>
    <ClInclude Include="src\Dream\Events\MouseEvent.h">
      <Filter>Dream\Events</Filter>
    </ClInclude>
    <ClInclude Include="src\Dream\Log.h">
      <Filter>Dream</Filter>
    </ClInclude>
    <ClInclude Include="src\Dream\Window.h">
      <Filter>Dream</Filter>
    </ClInclude>
    <ClInclude Include="src\Platform\Windows\WindowsWindow.h">
      <Filter>Platform\Windows</Filter>
    </ClInclude>
    <ClInclude Include="src\dmpch.h" />
  </ItemGroup>
  <ItemGroup>
    <ClCompile Include="src\Dream\Application.cpp">
      <Filter>Dream</Filter>
    </ClCompile>
    <ClCompile Include="src\Dream\Log.cpp">
      <Filter>Dream</Filter>
    </ClCompile>
    <ClCompile Include="src\Platform\Windows\WindowsWindow.cpp">
      <Filter>Platform\Windows</Filter>
    </ClCompile>
    <ClCompile Include="src\dmpch.cpp" />
  </ItemGroup>
</Project>